
Microsoft Visual Studio Solution File, Format Version 11.00
# Visual Studio 2010
Project("{FAE04EC0-301F-11D3-BF4B-00C04F79EFBC}") = "Assembly-CSharp", "Assembly-CSharp.csproj", "{0199F322-EC87-0E5E-289A-1F3750B91AA6}"
EndProject
Project("{FAE04EC0-301F-11D3-BF4B-00C04F79EFBC}") = "Assembly-CSharp-firstpass", "Assembly-CSharp-firstpass.csproj", "{FE904E2A-920F-58D2-04BF-D6393CC1CC9C}"
EndProject
Global
	GlobalSection(SolutionConfigurationPlatforms) = preSolution
		Debug|Any CPU = Debug|Any CPU
		Release|Any CPU = Release|Any CPU
	EndGlobalSection
	GlobalSection(ProjectConfigurationPlatforms) = postSolution
		{0199F322-EC87-0E5E-289A-1F3750B91AA6}.Debug|Any CPU.ActiveCfg = Debug|Any CPU
		{0199F322-EC87-0E5E-289A-1F3750B91AA6}.Debug|Any CPU.Build.0 = Debug|Any CPU
		{0199F322-EC87-0E5E-289A-1F3750B91AA6}.Release|Any CPU.ActiveCfg = Release|Any CPU
		{0199F322-EC87-0E5E-289A-1F3750B91AA6}.Release|Any CPU.Build.0 = Release|Any CPU
		{FE904E2A-920F-58D2-04BF-D6393CC1CC9C}.Debug|Any CPU.ActiveCfg = Debug|Any CPU
		{FE904E2A-920F-58D2-04BF-D6393CC1CC9C}.Debug|Any CPU.Build.0 = Debug|Any CPU
		{FE904E2A-920F-58D2-04BF-D6393CC1CC9C}.Release|Any CPU.ActiveCfg = Release|Any CPU
		{FE904E2A-920F-58D2-04BF-D6393CC1CC9C}.Release|Any CPU.Build.0 = Release|Any CPU
	EndGlobalSection
	GlobalSection(SolutionProperties) = preSolution
		HideSolutionNode = FALSE
	EndGlobalSection
EndGlobal
